# THIS IS AN AUTOGENERATED FILE. DO NOT EDIT THIS FILE DIRECTLY.
# yarn lockfile v1


"@esbuild/linux-loong64@0.14.54":
  version "0.14.54"
  resolved "https://registry.yarnpkg.com/@esbuild/linux-loong64/-/linux-loong64-0.14.54.tgz#de2a4be678bd4d0d1ffbb86e6de779cde5999028"
  integrity sha512-bZBrLAIX1kpWelV0XemxBZllyRmM6vgFQQG2GdNb+r3Fkp0FOh1NJSvekXDs7jq70k4euu1cryLMfU+mTXlEpw==

"@lit/reactive-element@^1.3.0", "@lit/reactive-element@^1.4.0":
  version "1.4.0"
  resolved "https://registry.yarnpkg.com/@lit/reactive-element/-/reactive-element-1.4.0.tgz#78ed05eb9b750e8e3671a61a30c19198e4038f80"
  integrity sha512-blrtlLKvtVyjTJ3gUHWNSHOU6tD8be9mRafqtnO7GVMcB+5z4RjNcO0DpMGmccK6N8yur1vVVYnS0gPdQ/WgEQ==

"@material/animation@14.0.0-canary.53b3cad2f.0":
  version "14.0.0-canary.53b3cad2f.0"
  resolved "https://registry.yarnpkg.com/@material/animation/-/animation-14.0.0-canary.53b3cad2f.0.tgz#5610fca9ddfa240692ae1fc7098b5f29975dec93"
  integrity sha512-GBuR4VmcTQW1D0lPXEosf5Giho72LLbyGIydWGtaEUtLJoive/D9kFkwTN4Fsyt9Kkl7hbhs35vrNe6QkAH4/Q==
  dependencies:
    tslib "^2.1.0"

"@material/base@14.0.0-canary.53b3cad2f.0", "@material/base@=14.0.0-canary.53b3cad2f.0":
  version "14.0.0-canary.53b3cad2f.0"
  resolved "https://registry.yarnpkg.com/@material/base/-/base-14.0.0-canary.53b3cad2f.0.tgz#ada9928175c9a2f6db116e95854c3d72ab6846c3"
  integrity sha512-UJKbXwZtkrA3sfQDmj8Zbw1Q3Tqtl6KdfVFws95Yf7TCUgTFzbZI/FSx1w7dVugQPOEnIBuZnzqZam/MtHkx4w==
  dependencies:
    tslib "^2.1.0"

"@material/button@14.0.0-canary.53b3cad2f.0":
  version "14.0.0-canary.53b3cad2f.0"
  resolved "https://registry.yarnpkg.com/@material/button/-/button-14.0.0-canary.53b3cad2f.0.tgz#9832220d8088bd8553e81f70b4606bf5182a11df"
  integrity sha512-IPBAByKpQjrWNVmAWx5VCTCLnOw4ymbLsbHmBkLiDgcLPs1EtwYnKKIwQ+/t3bV02OShUdMiyboL8V/C0gMS1A==
  dependencies:
    "@material/density" "14.0.0-canary.53b3cad2f.0"
    "@material/dom" "14.0.0-canary.53b3cad2f.0"
    "@material/elevation" "14.0.0-canary.53b3cad2f.0"
    "@material/feature-targeting" "14.0.0-canary.53b3cad2f.0"
    "@material/focus-ring" "14.0.0-canary.53b3cad2f.0"
    "@material/ripple" "14.0.0-canary.53b3cad2f.0"
    "@material/rtl" "14.0.0-canary.53b3cad2f.0"
    "@material/shape" "14.0.0-canary.53b3cad2f.0"
    "@material/theme" "14.0.0-canary.53b3cad2f.0"
    "@material/tokens" "14.0.0-canary.53b3cad2f.0"
    "@material/touch-target" "14.0.0-canary.53b3cad2f.0"
    "@material/typography" "14.0.0-canary.53b3cad2f.0"
    tslib "^2.1.0"

"@material/circular-progress@=14.0.0-canary.53b3cad2f.0":
  version "14.0.0-canary.53b3cad2f.0"
  resolved "https://registry.yarnpkg.com/@material/circular-progress/-/circular-progress-14.0.0-canary.53b3cad2f.0.tgz#4e02635273d57abe2acd33b71a615b83c90f3db0"
  integrity sha512-4A+HMgp66b45Fvbcbh9qb1j0vRFjKESbE2fHFkSMMNDPqFiKcvq4tJFBxKG2szYzpAnXdWLYaB+DeQ2+wSu9hg==
  dependencies:
    "@material/animation" "14.0.0-canary.53b3cad2f.0"
    "@material/base" "14.0.0-canary.53b3cad2f.0"
    "@material/feature-targeting" "14.0.0-canary.53b3cad2f.0"
    "@material/progress-indicator" "14.0.0-canary.53b3cad2f.0"
    "@material/rtl" "14.0.0-canary.53b3cad2f.0"
    "@material/theme" "14.0.0-canary.53b3cad2f.0"
    tslib "^2.1.0"

"@material/density@14.0.0-canary.53b3cad2f.0":
  version "14.0.0-canary.53b3cad2f.0"
  resolved "https://registry.yarnpkg.com/@material/density/-/density-14.0.0-canary.53b3cad2f.0.tgz#a67e49fdbfc5347b8757ea14654197540762c20a"
  integrity sha512-Eh/vZ3vVyqtpylg5Ci33qlgtToS4H1/ppd450Ib3tcdISIoodgijYY0w4XsRvrnZgbI/h/1STFdLxdzS0UNuFw==
  dependencies:
    tslib "^2.1.0"

"@material/dialog@=14.0.0-canary.53b3cad2f.0":
  version "14.0.0-canary.53b3cad2f.0"
  resolved "https://registry.yarnpkg.com/@material/dialog/-/dialog-14.0.0-canary.53b3cad2f.0.tgz#87f87de660ab0c9a11beee3fb4a7298ea85940e6"
  integrity sha512-yiG2nlVKTW0Ro3CF8Z/MVpTwSyG/8Kio3AaTUbeQdbjt5r692s4x5Yhd8m1IjEQKUeulY4CndvIbCUwZ8/G2PA==
  dependencies:
    "@material/animation" "14.0.0-canary.53b3cad2f.0"
    "@material/base" "14.0.0-canary.53b3cad2f.0"
    "@material/button" "14.0.0-canary.53b3cad2f.0"
    "@material/dom" "14.0.0-canary.53b3cad2f.0"
    "@material/elevation" "14.0.0-canary.53b3cad2f.0"
    "@material/feature-targeting" "14.0.0-canary.53b3cad2f.0"
    "@material/icon-button" "14.0.0-canary.53b3cad2f.0"
    "@material/ripple" "14.0.0-canary.53b3cad2f.0"
    "@material/rtl" "14.0.0-canary.53b3cad2f.0"
    "@material/shape" "14.0.0-canary.53b3cad2f.0"
    "@material/theme" "14.0.0-canary.53b3cad2f.0"
    "@material/tokens" "14.0.0-canary.53b3cad2f.0"
    "@material/touch-target" "14.0.0-canary.53b3cad2f.0"
    "@material/typography" "14.0.0-canary.53b3cad2f.0"
    tslib "^2.1.0"

"@material/dom@14.0.0-canary.53b3cad2f.0", "@material/dom@=14.0.0-canary.53b3cad2f.0":
  version "14.0.0-canary.53b3cad2f.0"
  resolved "https://registry.yarnpkg.com/@material/dom/-/dom-14.0.0-canary.53b3cad2f.0.tgz#55613a2bf3d0ea64989ad77291f053b607256012"
  integrity sha512-aR+rfncF6oi2ivdOlKSJI4UXwNzWV5rXM88MLDoSJF1D7lXxhAKhge+tMUBodWGV/q0+FnXLuVAa0WYTrKjo+A==
  dependencies:
    "@material/feature-targeting" "14.0.0-canary.53b3cad2f.0"
    tslib "^2.1.0"

"@material/elevation@14.0.0-canary.53b3cad2f.0":
  version "14.0.0-canary.53b3cad2f.0"
  resolved "https://registry.yarnpkg.com/@material/elevation/-/elevation-14.0.0-canary.53b3cad2f.0.tgz#f4eedead82ebe456643d482905c1c445e9f5b338"
  integrity sha512-3h+EkR588RMZ5TSNQ4UeXD1FOBnL3ABQix0DQIGwtNJCqSMoPndT/oJEFvwQbTkZNDbFIKN9p1Q7/KuFPVY8Pw==
  dependencies:
    "@material/animation" "14.0.0-canary.53b3cad2f.0"
    "@material/base" "14.0.0-canary.53b3cad2f.0"
    "@material/feature-targeting" "14.0.0-canary.53b3cad2f.0"
    "@material/rtl" "14.0.0-canary.53b3cad2f.0"
    "@material/theme" "14.0.0-canary.53b3cad2f.0"
    tslib "^2.1.0"

"@material/feature-targeting@14.0.0-canary.53b3cad2f.0":
  version "14.0.0-canary.53b3cad2f.0"
  resolved "https://registry.yarnpkg.com/@material/feature-targeting/-/feature-targeting-14.0.0-canary.53b3cad2f.0.tgz#03f0048861ff737b46a77549dccb449650a14d9c"
  integrity sha512-fn7Af3PRyARtNeYqtjxXmE3Y/dCpnpQVWWys57MqiGR/nvc6qpgOfJ6rOdcu/MrOysOE/oebTUDmDnTmwpe9Hw==
  dependencies:
    tslib "^2.1.0"

"@material/floating-label@14.0.0-canary.53b3cad2f.0", "@material/floating-label@=14.0.0-canary.53b3cad2f.0":
  version "14.0.0-canary.53b3cad2f.0"
  resolved "https://registry.yarnpkg.com/@material/floating-label/-/floating-label-14.0.0-canary.53b3cad2f.0.tgz#cdfb00ac092b455c49eb25558d3afb992a61f624"
  integrity sha512-gHZUTTVKnP+Zjz4l9IT/G89NPmypn5FlTGLWKKqXbuQphr37rsKFR3Y80SJxULRyMDnAdKSxuZwiXLFKQz9KlA==
  dependencies:
    "@material/animation" "14.0.0-canary.53b3cad2f.0"
    "@material/base" "14.0.0-canary.53b3cad2f.0"
    "@material/dom" "14.0.0-canary.53b3cad2f.0"
    "@material/feature-targeting" "14.0.0-canary.53b3cad2f.0"
    "@material/rtl" "14.0.0-canary.53b3cad2f.0"
    "@material/theme" "14.0.0-canary.53b3cad2f.0"
    "@material/typography" "14.0.0-canary.53b3cad2f.0"
    tslib "^2.1.0"

"@material/focus-ring@14.0.0-canary.53b3cad2f.0":
  version "14.0.0-canary.53b3cad2f.0"
  resolved "https://registry.yarnpkg.com/@material/focus-ring/-/focus-ring-14.0.0-canary.53b3cad2f.0.tgz#3a0afc426cd898aa6fa045c5eef9bffb4a320e91"
  integrity sha512-exPX5VrjQimipBwgcFDGRiEE783sOBgpkFui59A6i6iGvS2UrLHlYY2E65fyyyQnD1f/rv4Po1OOnCesE1kulg==
  dependencies:
    "@material/dom" "14.0.0-canary.53b3cad2f.0"
    "@material/feature-targeting" "14.0.0-canary.53b3cad2f.0"
    "@material/rtl" "14.0.0-canary.53b3cad2f.0"

"@material/form-field@=14.0.0-canary.53b3cad2f.0":
  version "14.0.0-canary.53b3cad2f.0"
  resolved "https://registry.yarnpkg.com/@material/form-field/-/form-field-14.0.0-canary.53b3cad2f.0.tgz#5775adc459ddbb0de9ff564faf7a5dc403b9bbc7"
  integrity sha512-h9jFm9f5WeMHJWGpQsZ9sPrERLGcDQdW8uvbHAHZ/zN35Mqj43s8+alXROiibx+m1oHLvf2Z01pPWtFSXLYzxA==
  dependencies:
    "@material/base" "14.0.0-canary.53b3cad2f.0"
    "@material/feature-targeting" "14.0.0-canary.53b3cad2f.0"
    "@material/ripple" "14.0.0-canary.53b3cad2f.0"
    "@material/rtl" "14.0.0-canary.53b3cad2f.0"
    "@material/theme" "14.0.0-canary.53b3cad2f.0"
    "@material/typography" "14.0.0-canary.53b3cad2f.0"
    tslib "^2.1.0"

"@material/icon-button@14.0.0-canary.53b3cad2f.0":
  version "14.0.0-canary.53b3cad2f.0"
  resolved "https://registry.yarnpkg.com/@material/icon-button/-/icon-button-14.0.0-canary.53b3cad2f.0.tgz#396e91458530676da8e320cea7b1e15cfa65715e"
  integrity sha512-BFdj3CP0JXHC/F2bDmpmzWhum4fkzIDgCCavvnpE/KcCbr0AaoSULRde+LtqvbdLIYW20cXhvjinIOlRhSOshA==
  dependencies:
    "@material/base" "14.0.0-canary.53b3cad2f.0"
    "@material/density" "14.0.0-canary.53b3cad2f.0"
    "@material/dom" "14.0.0-canary.53b3cad2f.0"
    "@material/elevation" "14.0.0-canary.53b3cad2f.0"
    "@material/feature-targeting" "14.0.0-canary.53b3cad2f.0"
    "@material/focus-ring" "14.0.0-canary.53b3cad2f.0"
    "@material/ripple" "14.0.0-canary.53b3cad2f.0"
    "@material/rtl" "14.0.0-canary.53b3cad2f.0"
    "@material/theme" "14.0.0-canary.53b3cad2f.0"
    "@material/touch-target" "14.0.0-canary.53b3cad2f.0"
    tslib "^2.1.0"

"@material/line-ripple@14.0.0-canary.53b3cad2f.0", "@material/line-ripple@=14.0.0-canary.53b3cad2f.0":
  version "14.0.0-canary.53b3cad2f.0"
  resolved "https://registry.yarnpkg.com/@material/line-ripple/-/line-ripple-14.0.0-canary.53b3cad2f.0.tgz#eb86f5a596b0f36e12a8a09492e074c25919ffe8"
  integrity sha512-k8f8uuDwnSqZZ98CzbYtQVtxlp1ryUup9nd2uobo3kiqQNlQfXdGkVjuCXcla0OPiKFizNn7dS6Kl/j6L09XUA==
  dependencies:
    "@material/animation" "14.0.0-canary.53b3cad2f.0"
    "@material/base" "14.0.0-canary.53b3cad2f.0"
    "@material/feature-targeting" "14.0.0-canary.53b3cad2f.0"
    "@material/theme" "14.0.0-canary.53b3cad2f.0"
    tslib "^2.1.0"

"@material/list@14.0.0-canary.53b3cad2f.0", "@material/list@=14.0.0-canary.53b3cad2f.0":
  version "14.0.0-canary.53b3cad2f.0"
  resolved "https://registry.yarnpkg.com/@material/list/-/list-14.0.0-canary.53b3cad2f.0.tgz#0c0d0bdf3f9454a820e990fddb0abb1c42767f1c"
  integrity sha512-mkMpltSKAYLBtFnTTCk/mQIDzwxF/VLh1gh59ehOtmRXt7FvTz83RoAa4tqe53hpVrbX4HoLDBu+vILhq/wkjw==
  dependencies:
    "@material/base" "14.0.0-canary.53b3cad2f.0"
    "@material/density" "14.0.0-canary.53b3cad2f.0"
    "@material/dom" "14.0.0-canary.53b3cad2f.0"
    "@material/feature-targeting" "14.0.0-canary.53b3cad2f.0"
    "@material/ripple" "14.0.0-canary.53b3cad2f.0"
    "@material/rtl" "14.0.0-canary.53b3cad2f.0"
    "@material/shape" "14.0.0-canary.53b3cad2f.0"
    "@material/theme" "14.0.0-canary.53b3cad2f.0"
    "@material/typography" "14.0.0-canary.53b3cad2f.0"
    tslib "^2.1.0"

"@material/menu-surface@14.0.0-canary.53b3cad2f.0", "@material/menu-surface@=14.0.0-canary.53b3cad2f.0":
  version "14.0.0-canary.53b3cad2f.0"
  resolved "https://registry.yarnpkg.com/@material/menu-surface/-/menu-surface-14.0.0-canary.53b3cad2f.0.tgz#3a7f10135f11938d7cffda553289e4803cfc030d"
  integrity sha512-IQWb/n15FpLnn+kHp0EqzLE+UoWSPumq3eze2QifiowvGb37bNFR9oSe7CaOzPMrHdkrZ5SBWnDU41wPZN5kOg==
  dependencies:
    "@material/animation" "14.0.0-canary.53b3cad2f.0"
    "@material/base" "14.0.0-canary.53b3cad2f.0"
    "@material/elevation" "14.0.0-canary.53b3cad2f.0"
    "@material/feature-targeting" "14.0.0-canary.53b3cad2f.0"
    "@material/rtl" "14.0.0-canary.53b3cad2f.0"
    "@material/shape" "14.0.0-canary.53b3cad2f.0"
    "@material/theme" "14.0.0-canary.53b3cad2f.0"
    tslib "^2.1.0"

"@material/menu@14.0.0-canary.53b3cad2f.0", "@material/menu@=14.0.0-canary.53b3cad2f.0":
  version "14.0.0-canary.53b3cad2f.0"
  resolved "https://registry.yarnpkg.com/@material/menu/-/menu-14.0.0-canary.53b3cad2f.0.tgz#40d45a417537d1a9ba8489dc9ff093ac97d7fddb"
  integrity sha512-MmYKVrMIqOtP3TN4vdrrnQrS8P81+tMaA6bKiT9V79R1U6+mKsBYTzaLtLbzyem5vF8O0q7bSwyPwhWPtJr75Q==
  dependencies:
    "@material/base" "14.0.0-canary.53b3cad2f.0"
    "@material/dom" "14.0.0-canary.53b3cad2f.0"
    "@material/elevation" "14.0.0-canary.53b3cad2f.0"
    "@material/feature-targeting" "14.0.0-canary.53b3cad2f.0"
    "@material/list" "14.0.0-canary.53b3cad2f.0"
    "@material/menu-surface" "14.0.0-canary.53b3cad2f.0"
    "@material/ripple" "14.0.0-canary.53b3cad2f.0"
    "@material/rtl" "14.0.0-canary.53b3cad2f.0"
    "@material/theme" "14.0.0-canary.53b3cad2f.0"
    tslib "^2.1.0"

"@material/mwc-base@^0.26.1":
  version "0.26.1"
  resolved "https://registry.yarnpkg.com/@material/mwc-base/-/mwc-base-0.26.1.tgz#82244634912bbe93129e956f2d907468ebe69fd8"
  integrity sha512-YcVvWwSoDwQAxjvYevhZgtyXIIPuMeTnw9MtEj+Hv7NJizT88hoTsPmKpwM+X58cIY2SPo0y/tHfgmblWntibQ==
  dependencies:
    "@material/base" "=14.0.0-canary.53b3cad2f.0"
    "@material/dom" "=14.0.0-canary.53b3cad2f.0"
    lit "^2.0.0"
    tslib "^2.0.1"

"@material/mwc-button@^0.26.1":
  version "0.26.1"
  resolved "https://registry.yarnpkg.com/@material/mwc-button/-/mwc-button-0.26.1.tgz#751bc8296a22add632bcba1c5b5dbb3dda7054c5"
  integrity sha512-ptgAmg50k+71M6ynfv6QeNaBnX7X/EAnhOjxZqhDHrKwZcFuuQyFJJ6r4ypjc21eCSPS7o6xRqJyI4PPpf3xkA==
  dependencies:
    "@material/mwc-icon" "^0.26.1"
    "@material/mwc-ripple" "^0.26.1"
    lit "^2.0.0"
    tslib "^2.0.1"

"@material/mwc-checkbox@^0.26.1":
  version "0.26.1"
  resolved "https://registry.yarnpkg.com/@material/mwc-checkbox/-/mwc-checkbox-0.26.1.tgz#f8cc5c15c6b0ea5136d053a77d3295717ae0f57a"
  integrity sha512-2euxVZ0zksAQ/JVkOznUOGJKfbxq+m3ijRTh44b8fQyERBobm5QtWXbhXxV9YCesqFQSbj5M3qDw6Nm5MRKluw==
  dependencies:
    "@material/mwc-base" "^0.26.1"
    "@material/mwc-ripple" "^0.26.1"
    lit "^2.0.0"
    tslib "^2.0.1"

"@material/mwc-circular-progress@^0.26.1":
  version "0.26.1"
  resolved "https://registry.yarnpkg.com/@material/mwc-circular-progress/-/mwc-circular-progress-0.26.1.tgz#601f79889796f18bad78b88cf7880f5a3506328e"
  integrity sha512-D8J9ziKpUFR/QOEqZaVcOE3TC+JbN76v2monmZ2I8ctuSDDgg0xuJqGWH1K2VLb1elGq/paFJwSdXMSUNZFstw==
  dependencies:
    "@material/circular-progress" "=14.0.0-canary.53b3cad2f.0"
    "@material/mwc-base" "^0.26.1"
    "@material/theme" "=14.0.0-canary.53b3cad2f.0"
    lit "^2.0.0"
    tslib "^2.0.1"

"@material/mwc-dialog@^0.26.1":
  version "0.26.1"
  resolved "https://registry.yarnpkg.com/@material/mwc-dialog/-/mwc-dialog-0.26.1.tgz#afaee3a7a8c563554a54ecf73adf42b66992b3b7"
  integrity sha512-QI9OkD0ZXZRyxA9I3ZbRjn4iRdDh/u+ZtcfZtIhKKgm3S0pkHAxndNlygq8DHQgwCO5HxMcmEot7voAdDtpfoQ==
  dependencies:
    "@material/dialog" "=14.0.0-canary.53b3cad2f.0"
    "@material/dom" "=14.0.0-canary.53b3cad2f.0"
    "@material/mwc-base" "^0.26.1"
    "@material/mwc-button" "^0.26.1"
    blocking-elements "^0.1.0"
    lit "^2.0.0"
    tslib "^2.0.1"
    wicg-inert "^3.0.0"

"@material/mwc-floating-label@^0.26.1":
  version "0.26.1"
  resolved "https://registry.yarnpkg.com/@material/mwc-floating-label/-/mwc-floating-label-0.26.1.tgz#a18b9861305bc7a59123802da6d63fb6dbf80c9f"
  integrity sha512-iPKOWAgypL+UNZWa0jNE2P/929QEbHqrxr7BFNKpSvO/t6pX7672g1gOny7+8Dnnt+a4kVlYjWTMAw9qjOkLlg==
  dependencies:
    "@material/floating-label" "=14.0.0-canary.53b3cad2f.0"
    lit "^2.0.0"
    tslib "^2.0.1"

"@material/mwc-formfield@^0.26.1":
  version "0.26.1"
  resolved "https://registry.yarnpkg.com/@material/mwc-formfield/-/mwc-formfield-0.26.1.tgz#6e4880a3f65bec6968535ce1510e4d3c5503d2cc"
  integrity sha512-0aFrTpZMR3+z/W67KGIy2CgYPhknoA0VD6CIephpDRbeTScAdtYXmAmtB7wm3lKHRVejdmXb8qIhq1mJoyG7Uw==
  dependencies:
    "@material/form-field" "=14.0.0-canary.53b3cad2f.0"
    "@material/mwc-base" "^0.26.1"
    lit "^2.0.0"
    tslib "^2.0.1"

"@material/mwc-icon-button@^0.26.1":
  version "0.26.1"
  resolved "https://registry.yarnpkg.com/@material/mwc-icon-button/-/mwc-icon-button-0.26.1.tgz#fdc201a0efc5b68fb17aa02eb69f74077cbe6ea4"
  integrity sha512-pa3zFSH1wV7j8dH1i5NfKL0mKqQsan+SiD+lkW39Al4NeCrNoWN9wJY0mSiwrlbVnxOub8r2kWINCpTHBoluJg==
  dependencies:
    "@material/mwc-ripple" "^0.26.1"
    lit "^2.0.0"
    tslib "^2.0.1"

"@material/mwc-icon@^0.26.1":
  version "0.26.1"
  resolved "https://registry.yarnpkg.com/@material/mwc-icon/-/mwc-icon-0.26.1.tgz#056b29b588d0e2ae5ccf857780c46b0012d9554e"
  integrity sha512-RPcVPn+5p6hA2HjX/0wkeHQuxkJKgXMg47ffw+vhIw28qM8mprSv13hpUgrghb0f7xBvuPhf/kLb37V4xkRfwg==
  dependencies:
    lit "^2.0.0"
    tslib "^2.0.1"

"@material/mwc-line-ripple@^0.26.1":
  version "0.26.1"
  resolved "https://registry.yarnpkg.com/@material/mwc-line-ripple/-/mwc-line-ripple-0.26.1.tgz#8c679151b05a5aab0ba650da03d12622a67ba032"
  integrity sha512-pTWYurvptGGZI5OP3SXJPNQrsri+1tM8CUGTuTLaLVTSIyvMcUiTzfNPCyTmkjndoCsbrPYjPzY8f/wiU4mZrA==
  dependencies:
    "@material/line-ripple" "=14.0.0-canary.53b3cad2f.0"
    lit "^2.0.0"
    tslib "^2.0.1"

"@material/mwc-list@^0.26.1":
  version "0.26.1"
  resolved "https://registry.yarnpkg.com/@material/mwc-list/-/mwc-list-0.26.1.tgz#51aaf759244a7dd0f5bc4ec58a4f95aad224fede"
  integrity sha512-1jYG0/VCJhUjjJQSDvjvMiTryOtKk5TEzpkTO/kguhdN9j6vk0XU/p/LhnyxV0+fQei754AO3Tos5Dv0FvEUOQ==
  dependencies:
    "@material/base" "=14.0.0-canary.53b3cad2f.0"
    "@material/dom" "=14.0.0-canary.53b3cad2f.0"
    "@material/list" "=14.0.0-canary.53b3cad2f.0"
    "@material/mwc-base" "^0.26.1"
    "@material/mwc-checkbox" "^0.26.1"
    "@material/mwc-radio" "^0.26.1"
    "@material/mwc-ripple" "^0.26.1"
    lit "^2.0.0"
    tslib "^2.0.1"

"@material/mwc-menu@^0.26.1":
  version "0.26.1"
  resolved "https://registry.yarnpkg.com/@material/mwc-menu/-/mwc-menu-0.26.1.tgz#16662e9826255913dbcb32ccf136f0239f3dda01"
  integrity sha512-zdLalm1vabFU2+ml53B7N88OoJo+yygXGra94GluCPLCRBV6Oswdou7b8cqEyVEJ6McbeiegKwO0j8k3mEd4zw==
  dependencies:
    "@material/menu" "=14.0.0-canary.53b3cad2f.0"
    "@material/menu-surface" "=14.0.0-canary.53b3cad2f.0"
    "@material/mwc-base" "^0.26.1"
    "@material/mwc-list" "^0.26.1"
    "@material/shape" "=14.0.0-canary.53b3cad2f.0"
    "@material/theme" "=14.0.0-canary.53b3cad2f.0"
    lit "^2.0.0"
    tslib "^2.0.1"

"@material/mwc-notched-outline@^0.26.1":
  version "0.26.1"
  resolved "https://registry.yarnpkg.com/@material/mwc-notched-outline/-/mwc-notched-outline-0.26.1.tgz#f7d792a393c7bfd409b1504bdbd405e3515bb2a5"
  integrity sha512-3vsbnNk9dzyATANoL+nv7nwGvvzgb4tQcMbjP023qmpkelV/Ci2jP8nV+UDDepJcZ6KjRJo1eUAroznp4T/rKA==
  dependencies:
    "@material/mwc-base" "^0.26.1"
    "@material/notched-outline" "=14.0.0-canary.53b3cad2f.0"
    lit "^2.0.0"
    tslib "^2.0.1"

"@material/mwc-radio@^0.26.1":
  version "0.26.1"
  resolved "https://registry.yarnpkg.com/@material/mwc-radio/-/mwc-radio-0.26.1.tgz#3d77a85b6ce643415163997e016e5d801a35a76c"
  integrity sha512-KWEcwVKbZS0wIfxOk8AqFNZocnP2f3JjnO/m2y6RWBUUrSgIlxavfz3J5MiwDC0JjYI1jUmheivcKrlZRNxnSA==
  dependencies:
    "@material/mwc-base" "^0.26.1"
    "@material/mwc-ripple" "^0.26.1"
    "@material/radio" "=14.0.0-canary.53b3cad2f.0"
    lit "^2.0.0"
    tslib "^2.0.1"

"@material/mwc-ripple@^0.26.1":
  version "0.26.1"
  resolved "https://registry.yarnpkg.com/@material/mwc-ripple/-/mwc-ripple-0.26.1.tgz#0825137329c78df02cee4f8da2e28d6daeceb305"
  integrity sha512-hBeC2S7TSYLmHetXbtu52/EZFzvAqrQk5skIV0aUZeZvywTJWRVoc5OavDjsJYuKxDnSECMnkIt8+l8WC48chg==
  dependencies:
    "@material/dom" "=14.0.0-canary.53b3cad2f.0"
    "@material/mwc-base" "^0.26.1"
    "@material/ripple" "=14.0.0-canary.53b3cad2f.0"
    lit "^2.0.0"
    tslib "^2.0.1"

"@material/mwc-select@^0.26.1":
  version "0.26.1"
  resolved "https://registry.yarnpkg.com/@material/mwc-select/-/mwc-select-0.26.1.tgz#9b837079644d1c594c6e28a1e62fe93eb898cd09"
  integrity sha512-glqhi0HeNtm7LgVNW/Vxk2QLm76mjkY0Sw5CFkcedMcjqkoj3fiuTtcMkoQlb4/MeCqgFZyO0xxCOOz9LSNF4A==
  dependencies:
    "@material/dom" "=14.0.0-canary.53b3cad2f.0"
    "@material/floating-label" "=14.0.0-canary.53b3cad2f.0"
    "@material/line-ripple" "=14.0.0-canary.53b3cad2f.0"
    "@material/list" "=14.0.0-canary.53b3cad2f.0"
    "@material/mwc-base" "^0.26.1"
    "@material/mwc-floating-label" "^0.26.1"
    "@material/mwc-icon" "^0.26.1"
    "@material/mwc-line-ripple" "^0.26.1"
    "@material/mwc-list" "^0.26.1"
    "@material/mwc-menu" "^0.26.1"
    "@material/mwc-notched-outline" "^0.26.1"
    "@material/select" "=14.0.0-canary.53b3cad2f.0"
    lit "^2.0.0"
    tslib "^2.0.1"

"@material/mwc-textfield@^0.26.1":
  version "0.26.1"
  resolved "https://registry.yarnpkg.com/@material/mwc-textfield/-/mwc-textfield-0.26.1.tgz#06878a52ee49ccfe4d368741eabded541d08abc8"
  integrity sha512-Kdb31R2PROUOM7hpyjb+pY4WIOu6BQSEQKeVy4hnLqwvhe14nTvnn9I7Fkkz4t9SNWPh3G+DQsAx9vhPuCgUyQ==
  dependencies:
    "@material/floating-label" "=14.0.0-canary.53b3cad2f.0"
    "@material/line-ripple" "=14.0.0-canary.53b3cad2f.0"
    "@material/mwc-base" "^0.26.1"
    "@material/mwc-floating-label" "^0.26.1"
    "@material/mwc-line-ripple" "^0.26.1"
    "@material/mwc-notched-outline" "^0.26.1"
    "@material/textfield" "=14.0.0-canary.53b3cad2f.0"
    lit "^2.0.0"
    tslib "^2.0.1"

"@material/notched-outline@14.0.0-canary.53b3cad2f.0", "@material/notched-outline@=14.0.0-canary.53b3cad2f.0":
  version "14.0.0-canary.53b3cad2f.0"
  resolved "https://registry.yarnpkg.com/@material/notched-outline/-/notched-outline-14.0.0-canary.53b3cad2f.0.tgz#e1959462acb4b94038e6aac598e45f9098c5d3da"
  integrity sha512-3ByiPOC/wWQmFKfgJS98kb5/6v92n7uIfJ6v6sryKJlJCJn39qfpGcCM5RpRIws1RET1s1zBJT2JDwYeu/hM5A==
  dependencies:
    "@material/base" "14.0.0-canary.53b3cad2f.0"
    "@material/feature-targeting" "14.0.0-canary.53b3cad2f.0"
    "@material/floating-label" "14.0.0-canary.53b3cad2f.0"
    "@material/rtl" "14.0.0-canary.53b3cad2f.0"
    "@material/shape" "14.0.0-canary.53b3cad2f.0"
    "@material/theme" "14.0.0-canary.53b3cad2f.0"
    tslib "^2.1.0"

"@material/progress-indicator@14.0.0-canary.53b3cad2f.0":
  version "14.0.0-canary.53b3cad2f.0"
  resolved "https://registry.yarnpkg.com/@material/progress-indicator/-/progress-indicator-14.0.0-canary.53b3cad2f.0.tgz#cdec3ad71a5bc145f8c2a925c062c9301c1bdc4b"
  integrity sha512-vW0oZK70QOpAarip95ueCQ/I3kBClcWjxsc0F0QjkqT76DOVXpjnZ4XoRRyq9eMpwLqlKLTecrsSNpmqwwF1Dg==
  dependencies:
    tslib "^2.1.0"

"@material/radio@=14.0.0-canary.53b3cad2f.0":
  version "14.0.0-canary.53b3cad2f.0"
  resolved "https://registry.yarnpkg.com/@material/radio/-/radio-14.0.0-canary.53b3cad2f.0.tgz#51ee17e301509d729aef85cc1b22762f504a21b9"
  integrity sha512-V/AgWEOuHFoh9d4Gq1rqBZnKSGtMLQNh23Bwrv0c1FhPqFvUpwt9jR3SVwhJk5gvQQWGy9p3iiGc9QCJ+0+P8Q==
  dependencies:
    "@material/animation" "14.0.0-canary.53b3cad2f.0"
    "@material/base" "14.0.0-canary.53b3cad2f.0"
    "@material/density" "14.0.0-canary.53b3cad2f.0"
    "@material/dom" "14.0.0-canary.53b3cad2f.0"
    "@material/feature-targeting" "14.0.0-canary.53b3cad2f.0"
    "@material/focus-ring" "14.0.0-canary.53b3cad2f.0"
    "@material/ripple" "14.0.0-canary.53b3cad2f.0"
    "@material/theme" "14.0.0-canary.53b3cad2f.0"
    "@material/touch-target" "14.0.0-canary.53b3cad2f.0"
    tslib "^2.1.0"

"@material/ripple@14.0.0-canary.53b3cad2f.0", "@material/ripple@=14.0.0-canary.53b3cad2f.0":
  version "14.0.0-canary.53b3cad2f.0"
  resolved "https://registry.yarnpkg.com/@material/ripple/-/ripple-14.0.0-canary.53b3cad2f.0.tgz#143454681b56ba42e979116903a3a1e4680249bf"
  integrity sha512-6g2G62vd8DsMuIUSXlRrzb98qkZ4o8ZREknNwNP2zaLQEOkJ//4j9HaqDt98/3LIjUTY9UIVFTQENiMmlwKHYQ==
  dependencies:
    "@material/animation" "14.0.0-canary.53b3cad2f.0"
    "@material/base" "14.0.0-canary.53b3cad2f.0"
    "@material/dom" "14.0.0-canary.53b3cad2f.0"
    "@material/feature-targeting" "14.0.0-canary.53b3cad2f.0"
    "@material/rtl" "14.0.0-canary.53b3cad2f.0"
    "@material/theme" "14.0.0-canary.53b3cad2f.0"
    tslib "^2.1.0"

"@material/rtl@14.0.0-canary.53b3cad2f.0":
  version "14.0.0-canary.53b3cad2f.0"
  resolved "https://registry.yarnpkg.com/@material/rtl/-/rtl-14.0.0-canary.53b3cad2f.0.tgz#63216c4957992e39d1864eb0d07fa9194740f92a"
  integrity sha512-f08LT0HSa0WYU+4Jz/tbm1TQ9Fcf2k+H6dPPYv0J1sZmX6hMgCEmNiUdUFLQFvszoXx2XrRi1/hIFjbz2e69Yg==
  dependencies:
    "@material/theme" "14.0.0-canary.53b3cad2f.0"
    tslib "^2.1.0"

"@material/select@=14.0.0-canary.53b3cad2f.0":
  version "14.0.0-canary.53b3cad2f.0"
  resolved "https://registry.yarnpkg.com/@material/select/-/select-14.0.0-canary.53b3cad2f.0.tgz#428c9c27c178e2408d289949dc09aab567105f8a"
  integrity sha512-fAiTaHZ1PIEmCUbufS+IZvsWO0hDxtbU8rOsbmSu1oupAboP7jSgOVgcCGdT9KY5WacrniIIMO6jZjhnvrC0Lg==
  dependencies:
    "@material/animation" "14.0.0-canary.53b3cad2f.0"
    "@material/base" "14.0.0-canary.53b3cad2f.0"
    "@material/density" "14.0.0-canary.53b3cad2f.0"
    "@material/dom" "14.0.0-canary.53b3cad2f.0"
    "@material/elevation" "14.0.0-canary.53b3cad2f.0"
    "@material/feature-targeting" "14.0.0-canary.53b3cad2f.0"
    "@material/floating-label" "14.0.0-canary.53b3cad2f.0"
    "@material/line-ripple" "14.0.0-canary.53b3cad2f.0"
    "@material/list" "14.0.0-canary.53b3cad2f.0"
    "@material/menu" "14.0.0-canary.53b3cad2f.0"
    "@material/menu-surface" "14.0.0-canary.53b3cad2f.0"
    "@material/notched-outline" "14.0.0-canary.53b3cad2f.0"
    "@material/ripple" "14.0.0-canary.53b3cad2f.0"
    "@material/rtl" "14.0.0-canary.53b3cad2f.0"
    "@material/shape" "14.0.0-canary.53b3cad2f.0"
    "@material/theme" "14.0.0-canary.53b3cad2f.0"
    "@material/tokens" "14.0.0-canary.53b3cad2f.0"
    "@material/typography" "14.0.0-canary.53b3cad2f.0"
    tslib "^2.1.0"

"@material/shape@14.0.0-canary.53b3cad2f.0", "@material/shape@=14.0.0-canary.53b3cad2f.0":
  version "14.0.0-canary.53b3cad2f.0"
  resolved "https://registry.yarnpkg.com/@material/shape/-/shape-14.0.0-canary.53b3cad2f.0.tgz#60d2ba5ae2c428997cab78c65a29bcd6029f268a"
  integrity sha512-RyjInLCNe+nI/ulKea0ZLHphXQDiDqYazS25SRn18g8Hoa5qGNaY5oOBncDXUYn3jm5oI5kFc9oif//kulkbjg==
  dependencies:
    "@material/feature-targeting" "14.0.0-canary.53b3cad2f.0"
    "@material/rtl" "14.0.0-canary.53b3cad2f.0"
    "@material/theme" "14.0.0-canary.53b3cad2f.0"
    tslib "^2.1.0"

"@material/textfield@=14.0.0-canary.53b3cad2f.0":
  version "14.0.0-canary.53b3cad2f.0"
  resolved "https://registry.yarnpkg.com/@material/textfield/-/textfield-14.0.0-canary.53b3cad2f.0.tgz#cd6ed02d9fa4669bf3fd4a26c5716ecaa8053072"
  integrity sha512-Pla9Tr94Is18o97E/mqHKdkR24rPES9atGm3BlXrNzyr5tu6+h++RBbxy7V6IExcfl0MX+v9Gyqz7sPZzFtwMA==
  dependencies:
    "@material/animation" "14.0.0-canary.53b3cad2f.0"
    "@material/base" "14.0.0-canary.53b3cad2f.0"
    "@material/density" "14.0.0-canary.53b3cad2f.0"
    "@material/dom" "14.0.0-canary.53b3cad2f.0"
    "@material/feature-targeting" "14.0.0-canary.53b3cad2f.0"
    "@material/floating-label" "14.0.0-canary.53b3cad2f.0"
    "@material/line-ripple" "14.0.0-canary.53b3cad2f.0"
    "@material/notched-outline" "14.0.0-canary.53b3cad2f.0"
    "@material/ripple" "14.0.0-canary.53b3cad2f.0"
    "@material/rtl" "14.0.0-canary.53b3cad2f.0"
    "@material/shape" "14.0.0-canary.53b3cad2f.0"
    "@material/theme" "14.0.0-canary.53b3cad2f.0"
    "@material/tokens" "14.0.0-canary.53b3cad2f.0"
    "@material/typography" "14.0.0-canary.53b3cad2f.0"
    tslib "^2.1.0"

"@material/theme@14.0.0-canary.53b3cad2f.0", "@material/theme@=14.0.0-canary.53b3cad2f.0":
  version "14.0.0-canary.53b3cad2f.0"
  resolved "https://registry.yarnpkg.com/@material/theme/-/theme-14.0.0-canary.53b3cad2f.0.tgz#27863ec21c7c913b80b98a22f056dd3e75b85a0a"
  integrity sha512-S06XAevDCDWMe+GgsEpITMS07imUidzadNaTbJsqssFajBLr53QWVZsG84BpjXKXoYvyEJvb0hX5U0lq6ip9UQ==
  dependencies:
    "@material/feature-targeting" "14.0.0-canary.53b3cad2f.0"
    tslib "^2.1.0"

"@material/tokens@14.0.0-canary.53b3cad2f.0":
  version "14.0.0-canary.53b3cad2f.0"
  resolved "https://registry.yarnpkg.com/@material/tokens/-/tokens-14.0.0-canary.53b3cad2f.0.tgz#32e021323b1deb5fa6df7c08012f58d65ec4b5f2"
  integrity sha512-myHFB7vac8zErA3qgkqmV+kpE+i9JEwc/6Yf0MOumDSpylJGw28QikpNC6eAVBK2EmPQTaFn20mqUxyud8dGqw==
  dependencies:
    "@material/elevation" "14.0.0-canary.53b3cad2f.0"

"@material/touch-target@14.0.0-canary.53b3cad2f.0":
  version "14.0.0-canary.53b3cad2f.0"
  resolved "https://registry.yarnpkg.com/@material/touch-target/-/touch-target-14.0.0-canary.53b3cad2f.0.tgz#c933f68f66bdcfb4c688cd4ee54b517dce4db389"
  integrity sha512-d83e5vbqoLyL542yOTTp4TLVltddWiqbI/j1w/D9ipE30YKfe2EDN+CNJc32Zufh5IUfK41DsZdrN8fI9cL99A==
  dependencies:
    "@material/base" "14.0.0-canary.53b3cad2f.0"
    "@material/feature-targeting" "14.0.0-canary.53b3cad2f.0"
    "@material/rtl" "14.0.0-canary.53b3cad2f.0"
    tslib "^2.1.0"

"@material/typography@14.0.0-canary.53b3cad2f.0":
  version "14.0.0-canary.53b3cad2f.0"
  resolved "https://registry.yarnpkg.com/@material/typography/-/typography-14.0.0-canary.53b3cad2f.0.tgz#735414b1ce38864a2023a81c3e2cb98e1232ca3f"
  integrity sha512-9J0k2fq7uyHsRzRqJDJLGmg3YzRpfRPtFDVeUH/xBcYoqpZE7wYw5Mb7s/l8eP626EtR7HhXhSPjvRTLA6NIJg==
  dependencies:
    "@material/feature-targeting" "14.0.0-canary.53b3cad2f.0"
    "@material/theme" "14.0.0-canary.53b3cad2f.0"
    tslib "^2.1.0"

"@originjs/vite-plugin-commonjs@^1.0.3":
  version "1.0.3"
  resolved "https://registry.yarnpkg.com/@originjs/vite-plugin-commonjs/-/vite-plugin-commonjs-1.0.3.tgz#2e3fb11ec78847da9422b79c103953f94d667f09"
  integrity sha512-KuEXeGPptM2lyxdIEJ4R11+5ztipHoE7hy8ClZt3PYaOVQ/pyngd2alaSrPnwyFeOW1UagRBaQ752aA1dTMdOQ==
  dependencies:
    esbuild "^0.14.14"

"@types/trusted-types@^2.0.2":
  version "2.0.2"
  resolved "https://registry.yarnpkg.com/@types/trusted-types/-/trusted-types-2.0.2.tgz#fc25ad9943bcac11cceb8168db4f275e0e72e756"
  integrity sha512-F5DIZ36YVLE+PN+Zwws4kJogq47hNgX3Nx6WyDJ3kcplxyke3XIzB8uK5n/Lpm1HBsbGzd6nmGehL8cPekP+Tg==

"@types/w3c-web-serial@^1.0.1":
  version "1.0.2"
  resolved "https://registry.yarnpkg.com/@types/w3c-web-serial/-/w3c-web-serial-1.0.2.tgz#8bf21f90b40dda6d2e2e6b188417b6bd66525d03"
  integrity sha512-Ftx4BtLxgAnel7V7GbHylCYjSq827A+jeEE3SnTS7huCGUN0pSwUn+CchTCT9TkZj9w+NVMUq4Bk2R0GvUNmAQ==

blocking-elements@^0.1.0:
  version "0.1.1"
  resolved "https://registry.yarnpkg.com/blocking-elements/-/blocking-elements-0.1.1.tgz#6acddbe2714a029a1774e9219bcf38736e07ded3"
  integrity sha512-/SLWbEzMoVIMZACCyhD/4Ya2M1PWP1qMKuiymowPcI+PdWDARqeARBjhj73kbUBCxEmTZCUu5TAqxtwUO9C1Ig==

crypto-js@^4.0.0:
  version "4.1.1"
  resolved "https://registry.yarnpkg.com/crypto-js/-/crypto-js-4.1.1.tgz#9e485bcf03521041bd85844786b83fb7619736cf"
  integrity sha512-o2JlM7ydqd3Qk9CA0L4NL6mTzU2sdx96a+oOfPu8Mkl/PK51vSyoi8/rQ8NknZtk44vq15lmhAj9CIAGwgeWKw==

esbuild-android-64@0.14.54:
  version "0.14.54"
  resolved "https://registry.yarnpkg.com/esbuild-android-64/-/esbuild-android-64-0.14.54.tgz#505f41832884313bbaffb27704b8bcaa2d8616be"
  integrity sha512-Tz2++Aqqz0rJ7kYBfz+iqyE3QMycD4vk7LBRyWaAVFgFtQ/O8EJOnVmTOiDWYZ/uYzB4kvP+bqejYdVKzE5lAQ==

esbuild-android-arm64@0.14.54:
  version "0.14.54"
  resolved "https://registry.yarnpkg.com/esbuild-android-arm64/-/esbuild-android-arm64-0.14.54.tgz#8ce69d7caba49646e009968fe5754a21a9871771"
  integrity sha512-F9E+/QDi9sSkLaClO8SOV6etqPd+5DgJje1F9lOWoNncDdOBL2YF59IhsWATSt0TLZbYCf3pNlTHvVV5VfHdvg==

esbuild-darwin-64@0.14.54:
  version "0.14.54"
  resolved "https://registry.yarnpkg.com/esbuild-darwin-64/-/esbuild-darwin-64-0.14.54.tgz#24ba67b9a8cb890a3c08d9018f887cc221cdda25"
  integrity sha512-jtdKWV3nBviOd5v4hOpkVmpxsBy90CGzebpbO9beiqUYVMBtSc0AL9zGftFuBon7PNDcdvNCEuQqw2x0wP9yug==

esbuild-darwin-arm64@0.14.54:
  version "0.14.54"
  resolved "https://registry.yarnpkg.com/esbuild-darwin-arm64/-/esbuild-darwin-arm64-0.14.54.tgz#3f7cdb78888ee05e488d250a2bdaab1fa671bf73"
  integrity sha512-OPafJHD2oUPyvJMrsCvDGkRrVCar5aVyHfWGQzY1dWnzErjrDuSETxwA2HSsyg2jORLY8yBfzc1MIpUkXlctmw==

esbuild-freebsd-64@0.14.54:
  version "0.14.54"
  resolved "https://registry.yarnpkg.com/esbuild-freebsd-64/-/esbuild-freebsd-64-0.14.54.tgz#09250f997a56ed4650f3e1979c905ffc40bbe94d"
  integrity sha512-OKwd4gmwHqOTp4mOGZKe/XUlbDJ4Q9TjX0hMPIDBUWWu/kwhBAudJdBoxnjNf9ocIB6GN6CPowYpR/hRCbSYAg==

esbuild-freebsd-arm64@0.14.54:
  version "0.14.54"
  resolved "https://registry.yarnpkg.com/esbuild-freebsd-arm64/-/esbuild-freebsd-arm64-0.14.54.tgz#bafb46ed04fc5f97cbdb016d86947a79579f8e48"
  integrity sha512-sFwueGr7OvIFiQT6WeG0jRLjkjdqWWSrfbVwZp8iMP+8UHEHRBvlaxL6IuKNDwAozNUmbb8nIMXa7oAOARGs1Q==

esbuild-linux-32@0.14.54:
  version "0.14.54"
  resolved "https://registry.yarnpkg.com/esbuild-linux-32/-/esbuild-linux-32-0.14.54.tgz#e2a8c4a8efdc355405325033fcebeb941f781fe5"
  integrity sha512-1ZuY+JDI//WmklKlBgJnglpUL1owm2OX+8E1syCD6UAxcMM/XoWd76OHSjl/0MR0LisSAXDqgjT3uJqT67O3qw==

esbuild-linux-64@0.14.54:
  version "0.14.54"
  resolved "https://registry.yarnpkg.com/esbuild-linux-64/-/esbuild-linux-64-0.14.54.tgz#de5fdba1c95666cf72369f52b40b03be71226652"
  integrity sha512-EgjAgH5HwTbtNsTqQOXWApBaPVdDn7XcK+/PtJwZLT1UmpLoznPd8c5CxqsH2dQK3j05YsB3L17T8vE7cp4cCg==

esbuild-linux-arm64@0.14.54:
  version "0.14.54"
  resolved "https://registry.yarnpkg.com/esbuild-linux-arm64/-/esbuild-linux-arm64-0.14.54.tgz#dae4cd42ae9787468b6a5c158da4c84e83b0ce8b"
  integrity sha512-WL71L+0Rwv+Gv/HTmxTEmpv0UgmxYa5ftZILVi2QmZBgX3q7+tDeOQNqGtdXSdsL8TQi1vIaVFHUPDe0O0kdig==

esbuild-linux-arm@0.14.54:
  version "0.14.54"
  resolved "https://registry.yarnpkg.com/esbuild-linux-arm/-/esbuild-linux-arm-0.14.54.tgz#a2c1dff6d0f21dbe8fc6998a122675533ddfcd59"
  integrity sha512-qqz/SjemQhVMTnvcLGoLOdFpCYbz4v4fUo+TfsWG+1aOu70/80RV6bgNpR2JCrppV2moUQkww+6bWxXRL9YMGw==

esbuild-linux-mips64le@0.14.54:
  version "0.14.54"
  resolved "https://registry.yarnpkg.com/esbuild-linux-mips64le/-/esbuild-linux-mips64le-0.14.54.tgz#d9918e9e4cb972f8d6dae8e8655bf9ee131eda34"
  integrity sha512-qTHGQB8D1etd0u1+sB6p0ikLKRVuCWhYQhAHRPkO+OF3I/iSlTKNNS0Lh2Oc0g0UFGguaFZZiPJdJey3AGpAlw==

esbuild-linux-ppc64le@0.14.54:
  version "0.14.54"
  resolved "https://registry.yarnpkg.com/esbuild-linux-ppc64le/-/esbuild-linux-ppc64le-0.14.54.tgz#3f9a0f6d41073fb1a640680845c7de52995f137e"
  integrity sha512-j3OMlzHiqwZBDPRCDFKcx595XVfOfOnv68Ax3U4UKZ3MTYQB5Yz3X1mn5GnodEVYzhtZgxEBidLWeIs8FDSfrQ==

esbuild-linux-riscv64@0.14.54:
  version "0.14.54"
  resolved "https://registry.yarnpkg.com/esbuild-linux-riscv64/-/esbuild-linux-riscv64-0.14.54.tgz#618853c028178a61837bc799d2013d4695e451c8"
  integrity sha512-y7Vt7Wl9dkOGZjxQZnDAqqn+XOqFD7IMWiewY5SPlNlzMX39ocPQlOaoxvT4FllA5viyV26/QzHtvTjVNOxHZg==

esbuild-linux-s390x@0.14.54:
  version "0.14.54"
  resolved "https://registry.yarnpkg.com/esbuild-linux-s390x/-/esbuild-linux-s390x-0.14.54.tgz#d1885c4c5a76bbb5a0fe182e2c8c60eb9e29f2a6"
  integrity sha512-zaHpW9dziAsi7lRcyV4r8dhfG1qBidQWUXweUjnw+lliChJqQr+6XD71K41oEIC3Mx1KStovEmlzm+MkGZHnHA==

esbuild-netbsd-64@0.14.54:
  version "0.14.54"
  resolved "https://registry.yarnpkg.com/esbuild-netbsd-64/-/esbuild-netbsd-64-0.14.54.tgz#69ae917a2ff241b7df1dbf22baf04bd330349e81"
  integrity sha512-PR01lmIMnfJTgeU9VJTDY9ZerDWVFIUzAtJuDHwwceppW7cQWjBBqP48NdeRtoP04/AtO9a7w3viI+PIDr6d+w==

esbuild-openbsd-64@0.14.54:
  version "0.14.54"
  resolved "https://registry.yarnpkg.com/esbuild-openbsd-64/-/esbuild-openbsd-64-0.14.54.tgz#db4c8495287a350a6790de22edea247a57c5d47b"
  integrity sha512-Qyk7ikT2o7Wu76UsvvDS5q0amJvmRzDyVlL0qf5VLsLchjCa1+IAvd8kTBgUxD7VBUUVgItLkk609ZHUc1oCaw==

esbuild-sunos-64@0.14.54:
  version "0.14.54"
  resolved "https://registry.yarnpkg.com/esbuild-sunos-64/-/esbuild-sunos-64-0.14.54.tgz#54287ee3da73d3844b721c21bc80c1dc7e1bf7da"
  integrity sha512-28GZ24KmMSeKi5ueWzMcco6EBHStL3B6ubM7M51RmPwXQGLe0teBGJocmWhgwccA1GeFXqxzILIxXpHbl9Q/Kw==

esbuild-windows-32@0.14.54:
  version "0.14.54"
  resolved "https://registry.yarnpkg.com/esbuild-windows-32/-/esbuild-windows-32-0.14.54.tgz#f8aaf9a5667630b40f0fb3aa37bf01bbd340ce31"
  integrity sha512-T+rdZW19ql9MjS7pixmZYVObd9G7kcaZo+sETqNH4RCkuuYSuv9AGHUVnPoP9hhuE1WM1ZimHz1CIBHBboLU7w==

esbuild-windows-64@0.14.54:
  version "0.14.54"
  resolved "https://registry.yarnpkg.com/esbuild-windows-64/-/esbuild-windows-64-0.14.54.tgz#bf54b51bd3e9b0f1886ffdb224a4176031ea0af4"
  integrity sha512-AoHTRBUuYwXtZhjXZbA1pGfTo8cJo3vZIcWGLiUcTNgHpJJMC1rVA44ZereBHMJtotyN71S8Qw0npiCIkW96cQ==

esbuild-windows-arm64@0.14.54:
  version "0.14.54"
  resolved "https://registry.yarnpkg.com/esbuild-windows-arm64/-/esbuild-windows-arm64-0.14.54.tgz#937d15675a15e4b0e4fafdbaa3a01a776a2be982"
  integrity sha512-M0kuUvXhot1zOISQGXwWn6YtS+Y/1RT9WrVIOywZnJHo3jCDyewAc79aKNQWFCQm+xNHVTq9h8dZKvygoXQQRg==

esbuild@^0.14.14, esbuild@^0.14.47:
  version "0.14.54"
  resolved "https://registry.yarnpkg.com/esbuild/-/esbuild-0.14.54.tgz#8b44dcf2b0f1a66fc22459943dccf477535e9aa2"
  integrity sha512-Cy9llcy8DvET5uznocPyqL3BFRrFXSVqbgpMJ9Wz8oVjZlh/zUSNbPRbov0VX7VxN2JH1Oa0uNxZ7eLRb62pJA==
  optionalDependencies:
    "@esbuild/linux-loong64" "0.14.54"
    esbuild-android-64 "0.14.54"
    esbuild-android-arm64 "0.14.54"
    esbuild-darwin-64 "0.14.54"
    esbuild-darwin-arm64 "0.14.54"
    esbuild-freebsd-64 "0.14.54"
    esbuild-freebsd-arm64 "0.14.54"
    esbuild-linux-32 "0.14.54"
    esbuild-linux-64 "0.14.54"
    esbuild-linux-arm "0.14.54"
    esbuild-linux-arm64 "0.14.54"
    esbuild-linux-mips64le "0.14.54"
    esbuild-linux-ppc64le "0.14.54"
    esbuild-linux-riscv64 "0.14.54"
    esbuild-linux-s390x "0.14.54"
    esbuild-netbsd-64 "0.14.54"
    esbuild-openbsd-64 "0.14.54"
    esbuild-sunos-64 "0.14.54"
    esbuild-windows-32 "0.14.54"
    esbuild-windows-64 "0.14.54"
    esbuild-windows-arm64 "0.14.54"

"esptool-js@https://github.com/dz0ny/esptool-js.git#elrs":
  version "1.0.0"
  resolved "https://github.com/dz0ny/esptool-js.git#9892eac1b9d04d27c9df359c784c471931dbd152"
  dependencies:
    crypto-js "^4.0.0"
    xterm "^4.13.0"

fsevents@~2.3.2:
  version "2.3.2"
  resolved "https://registry.yarnpkg.com/fsevents/-/fsevents-2.3.2.tgz#8a526f78b8fdf4623b709e0b975c52c24c02fd1a"
  integrity sha512-xiqMQR4xAeHTuB9uWm+fFRcIOgKBMiOBP+eXiyT7jsgVCq1bkVygt00oASowB7EdtpOHaaPgKt812P9ab+DDKA==

function-bind@^1.1.1:
  version "1.1.1"
  resolved "https://registry.yarnpkg.com/function-bind/-/function-bind-1.1.1.tgz#a56899d3ea3c9bab874bb9773b7c5ede92f4895d"
  integrity sha512-yIovAzMX49sF8Yl58fSCWJ5svSLuaibPxXQJFLmBObTuCr0Mf1KiPopGM9NiFjiYBCbfaa2Fh6breQ6ANVTI0A==

has@^1.0.3:
  version "1.0.3"
  resolved "https://registry.yarnpkg.com/has/-/has-1.0.3.tgz#722d7cbfc1f6aa8241f16dd814e011e1f41e8796"
  integrity sha512-f2dvO0VU6Oej7RkWJGrehjbzMAjFp5/VKPp5tTpWIV4JHHZK1/BxbFRtf/siA2SWTe09caDmVtYYzWEIbBS4zw==
  dependencies:
    function-bind "^1.1.1"

"improv-wifi-serial-sdk@https://github.com/ParetoSecurity/sdk-serial-js.git":
  version "2.2.2"
  resolved "https://github.com/ParetoSecurity/sdk-serial-js.git#927697cb0fefdc8d1e8833e4030021e7b3fa11c7"
  dependencies:
    "@material/mwc-button" "^0.26.1"
    "@material/mwc-circular-progress" "^0.26.1"
    "@material/mwc-dialog" "^0.26.1"
    "@material/mwc-list" "^0.26.1"
    "@material/mwc-select" "^0.26.1"
    "@material/mwc-textfield" "^0.26.1"
    lit "^2.0.0"
    tslib "^2.3.1"

is-core-module@^2.9.0:
  version "2.10.0"
  resolved "https://registry.yarnpkg.com/is-core-module/-/is-core-module-2.10.0.tgz#9012ede0a91c69587e647514e1d5277019e728ed"
  integrity sha512-Erxj2n/LDAZ7H8WNJXd9tw38GYM3dv8rk8Zcs+jJuxYTW7sozH+SS8NtrSjVL1/vpLvWi1hxy96IzjJ3EHTJJg==
  dependencies:
    has "^1.0.3"

lit-element@^3.2.0:
  version "3.2.2"
  resolved "https://registry.yarnpkg.com/lit-element/-/lit-element-3.2.2.tgz#d148ab6bf4c53a33f707a5168e087725499e5f2b"
  integrity sha512-6ZgxBR9KNroqKb6+htkyBwD90XGRiqKDHVrW/Eh0EZ+l+iC+u+v+w3/BA5NGi4nizAVHGYvQBHUDuSmLjPp7NQ==
  dependencies:
    "@lit/reactive-element" "^1.3.0"
    lit-html "^2.2.0"

lit-html@^2.2.0, lit-html@^2.3.0:
  version "2.3.0"
  resolved "https://registry.yarnpkg.com/lit-html/-/lit-html-2.3.0.tgz#6896685744f0b1ddef0d39aa2092fcd06dfd169d"
  integrity sha512-bnJneRqizoeSTxUeyDJLBDr+DI+7bn6P3WWqsj/4AwPWJjYgjSO5W64BVl1CrEo/8DtgU6DAYADX6yeI5/eDsg==
  dependencies:
    "@types/trusted-types" "^2.0.2"

lit@^2.0.0:
  version "2.3.0"
  resolved "https://registry.yarnpkg.com/lit/-/lit-2.3.0.tgz#611e122cbf9f34f1af0c1f3f791f886453bdcbde"
  integrity sha512-ynSGsUYKSGN2weFQ1F3SZq0Ihlj+vr/3KAET//Yf8Tz86L7lZizlw9Px+ab5iN8Si4RkVoLqd9YtKQmjdyKHNg==
  dependencies:
    "@lit/reactive-element" "^1.4.0"
    lit-element "^3.2.0"
    lit-html "^2.3.0"

nanoid@^3.3.4:
  version "3.3.4"
  resolved "https://registry.yarnpkg.com/nanoid/-/nanoid-3.3.4.tgz#730b67e3cd09e2deacf03c027c81c9d9dbc5e8ab"
  integrity sha512-MqBkQh/OHTS2egovRtLk45wEyNXwF+cokD+1YPf9u5VfJiRdAiRwB2froX5Co9Rh20xs4siNPm8naNotSD6RBw==

pako@^2.0.4:
  version "2.0.4"
  resolved "https://registry.yarnpkg.com/pako/-/pako-2.0.4.tgz#6cebc4bbb0b6c73b0d5b8d7e8476e2b2fbea576d"
  integrity sha512-v8tweI900AUkZN6heMU/4Uy4cXRc2AYNRggVmTR+dEncawDJgCdLMximOVA2p4qO57WMynangsfGRb5WD6L1Bg==

path-parse@^1.0.7:
  version "1.0.7"
  resolved "https://registry.yarnpkg.com/path-parse/-/path-parse-1.0.7.tgz#fbc114b60ca42b30d9daf5858e4bd68bbedb6735"
  integrity sha512-LDJzPVEEEPR+y48z93A0Ed0yXb8pAByGWo/k5YYdYgpY2/2EsOsksJrq7lOHxryrVOn1ejG6oAp8ahvOIQD8sw==

picocolors@^1.0.0:
  version "1.0.0"
  resolved "https://registry.yarnpkg.com/picocolors/-/picocolors-1.0.0.tgz#cb5bdc74ff3f51892236eaf79d68bc44564ab81c"
  integrity sha512-1fygroTLlHu66zi26VoTDv8yRgm0Fccecssto+MhsZ0D/DGW2sm8E8AjW7NU5VVTRt5GxbeZ5qBuJr+HyLYkjQ==

postcss@^8.4.16:
  version "8.4.16"
  resolved "https://registry.yarnpkg.com/postcss/-/postcss-8.4.16.tgz#33a1d675fac39941f5f445db0de4db2b6e01d43c"
  integrity sha512-ipHE1XBvKzm5xI7hiHCZJCSugxvsdq2mPnsq5+UF+VHCjiBvtDrlxJfMBToWaP9D5XlgNmcFGqoHmUn0EYEaRQ==
  dependencies:
    nanoid "^3.3.4"
    picocolors "^1.0.0"
    source-map-js "^1.0.2"

prettier@^2.3.0:
  version "2.7.1"
  resolved "https://registry.yarnpkg.com/prettier/-/prettier-2.7.1.tgz#e235806850d057f97bb08368a4f7d899f7760c64"
  integrity sha512-ujppO+MkdPqoVINuDFDRLClm7D78qbDt0/NR+wp5FqEZOoTNAjPHWj17QRhu7geIHJfcNhRk1XVQmF8Bp3ye+g==

resolve@^1.22.1:
  version "1.22.1"
  resolved "https://registry.yarnpkg.com/resolve/-/resolve-1.22.1.tgz#27cb2ebb53f91abb49470a928bba7558066ac177"
  integrity sha512-nBpuuYuY5jFsli/JIs1oldw6fOQCBioohqWZg/2hiaOybXOft4lonv85uDOKXdf8rhyK159cxU5cDcK/NKk8zw==
  dependencies:
    is-core-module "^2.9.0"
    path-parse "^1.0.7"
    supports-preserve-symlinks-flag "^1.0.0"

"rollup@>=2.75.6 <2.77.0 || ~2.77.0":
  version "2.77.3"
  resolved "https://registry.yarnpkg.com/rollup/-/rollup-2.77.3.tgz#8f00418d3a2740036e15deb653bed1a90ee0cc12"
  integrity sha512-/qxNTG7FbmefJWoeeYJFbHehJ2HNWnjkAFRKzWN/45eNBBF/r8lo992CwcJXEzyVxs5FmfId+vTSTQDb+bxA+g==
  optionalDependencies:
    fsevents "~2.3.2"

source-map-js@^1.0.2:
  version "1.0.2"
  resolved "https://registry.yarnpkg.com/source-map-js/-/source-map-js-1.0.2.tgz#adbc361d9c62df380125e7f161f71c826f1e490c"
  integrity sha512-R0XvVJ9WusLiqTCEiGCmICCMplcCkIwwR11mOSD9CR5u+IXYdiseeEuXCVAjS54zqwkLcPNnmU4OeJ6tUrWhDw==

supports-preserve-symlinks-flag@^1.0.0:
  version "1.0.0"
  resolved "https://registry.yarnpkg.com/supports-preserve-symlinks-flag/-/supports-preserve-symlinks-flag-1.0.0.tgz#6eda4bd344a3c94aea376d4cc31bc77311039e09"
  integrity sha512-ot0WnXS9fgdkgIcePe6RHNk1WA8+muPa6cSjeR3V8K27q9BB1rTE3R1p7Hv0z1ZyAc8s6Vvv8DIyWf681MAt0w==

tslib@^2.0.1, tslib@^2.1.0, tslib@^2.3.1:
  version "2.4.0"
  resolved "https://registry.yarnpkg.com/tslib/-/tslib-2.4.0.tgz#7cecaa7f073ce680a05847aa77be941098f36dc3"
  integrity sha512-d6xOpEDfsi2CZVlPQzGeux8XMwLT9hssAsaPYExaQMuYskwb+x1x7J371tWlbBdWHroy99KnVB6qIkUbs5X3UQ==

typescript@^4.3.2:
  version "4.7.4"
  resolved "https://registry.yarnpkg.com/typescript/-/typescript-4.7.4.tgz#1a88596d1cf47d59507a1bcdfb5b9dfe4d488235"
  integrity sha512-C0WQT0gezHuw6AdY1M2jxUO83Rjf0HP7Sk1DtXj6j1EwkQNZrHAg2XPWlq62oqEhYvONq5pkC2Y9oPljWToLmQ==

vite@^3.0.8:
  version "3.0.8"
  resolved "https://registry.yarnpkg.com/vite/-/vite-3.0.8.tgz#aa095ad8e3e5da46d9ec7e878f262678965d6531"
  integrity sha512-AOZ4eN7mrkJiOLuw8IA7piS4IdOQyQCA81GxGsAQvAZzMRi9ZwGB3TOaYsj4uLAWK46T5L4AfQ6InNGlxX30IQ==
  dependencies:
    esbuild "^0.14.47"
    postcss "^8.4.16"
    resolve "^1.22.1"
    rollup ">=2.75.6 <2.77.0 || ~2.77.0"
  optionalDependencies:
    fsevents "~2.3.2"

wicg-inert@^3.0.0:
  version "3.1.2"
  resolved "https://registry.yarnpkg.com/wicg-inert/-/wicg-inert-3.1.2.tgz#df10cf756b773a96fce107c3ddcd43be5d1e3944"
  integrity sha512-Ba9tGNYxXwaqKEi9sJJvPMKuo063umUPsHN0JJsjrs2j8KDSzkWLMZGZ+MH1Jf1Fq4OWZ5HsESJID6nRza2ang==

xterm@^4.13.0:
  version "4.19.0"
  resolved "https://registry.yarnpkg.com/xterm/-/xterm-4.19.0.tgz#c0f9d09cd61de1d658f43ca75f992197add9ef6d"
  integrity sha512-c3Cp4eOVsYY5Q839dR5IejghRPpxciGmLWWaP9g+ppfMeBChMeLa1DCA+pmX/jyDZ+zxFOmlJL/82qVdayVoGQ==
